
Microsoft Visual Studio Solution File, Format Version 12.00
# Visual Studio 15
VisualStudioVersion = 15.0.28307.572
MinimumVisualStudioVersion = 10.0.40219.1
Project("{8BC9CEB8-8B4A-11D0-8D11-00A0C91BC942}") = "DX9Templete", "DX9Templete\DX9Templete.vcxproj", "{C49A535D-36C8-4836-A2F3-B95EDD271FE5}"
EndProject
Global
	GlobalSection(SolutionConfigurationPlatforms) = preSolution
		Debug|x64 = Debug|x64
		Debug|x86 = Debug|x86
		Release|x64 = Release|x64
		Release|x86 = Release|x86
	EndGlobalSection
	GlobalSection(ProjectConfigurationPlatforms) = postSolution
		{C49A535D-36C8-4836-A2F3-B95EDD271FE5}.Debug|x64.ActiveCfg = Debug|x64
		{C49A535D-36C8-4836-A2F3-B95EDD271FE5}.Debug|x64.Build.0 = Debug|x64
		{C49A535D-36C8-4836-A2F3-B95EDD271FE5}.Debug|x86.ActiveCfg = Debug|Win32
		{C49A535D-36C8-4836-A2F3-B95EDD271FE5}.Debug|x86.Build.0 = Debug|Win32
		{C49A535D-36C8-4836-A2F3-B95EDD271FE5}.Release|x64.ActiveCfg = Release|x64
		{C49A535D-36C8-4836-A2F3-B95EDD271FE5}.Release|x64.Build.0 = Release|x64
		{C49A535D-36C8-4836-A2F3-B95EDD271FE5}.Release|x86.ActiveCfg = Release|Win32
		{C49A535D-36C8-4836-A2F3-B95EDD271FE5}.Release|x86.Build.0 = Release|Win32
	EndGlobalSection
	GlobalSection(SolutionProperties) = preSolution
		HideSolutionNode = FALSE
	EndGlobalSection
	GlobalSection(ExtensibilityGlobals) = postSolution
		SolutionGuid = {8D4C7C81-9C5E-4F3B-8366-B93BA42F2F25}
	EndGlobalSection
EndGlobal
