<?xml version="1.0" encoding="utf-8"?>
<Project ToolsVersion="4.0" xmlns="http://schemas.microsoft.com/developer/msbuild/2003">
  <ItemGroup>
    <Filter Include="Source">
      <UniqueIdentifier>{900585f1-d5fa-424a-922e-5ef3821b6c28}</UniqueIdentifier>
    </Filter>
    <Filter Include="Resource">
      <UniqueIdentifier>{c5b06415-3d5e-4f43-8664-97c38ea94313}</UniqueIdentifier>
    </Filter>
    <Filter Include="Resource\Shader">
      <UniqueIdentifier>{5ffa244b-b091-4155-949c-0e8dda884dc0}</UniqueIdentifier>
    </Filter>
    <Filter Include="Resource\Image">
      <UniqueIdentifier>{c240201d-c49d-4b32-b0bb-1ee5321d10e1}</UniqueIdentifier>
    </Filter>
  </ItemGroup>
  <ItemGroup>
    <ClCompile Include="src\App.cpp">
      <Filter>Source</Filter>
    </ClCompile>
    <ClCompile Include="src\Camera.cpp">
      <Filter>Source</Filter>
    </ClCompile>
    <ClCompile Include="src\InputDevice.cpp">
      <Filter>Source</Filter>
    </ClCompile>
    <ClCompile Include="src\main.cpp">
      <Filter>Source</Filter>
    </ClCompile>
    <ClCompile Include="src\MaterialMesh.cpp">
      <Filter>Source</Filter>
    </ClCompile>
    <ClCompile Include="src\Sprite.cpp">
      <Filter>Source</Filter>
    </ClCompile>
    <ClCompile Include="src\stddef.cpp">
      <Filter>Source</Filter>
    </ClCompile>
    <ClCompile Include="src\TextFont.cpp">
      <Filter>Source</Filter>
    </ClCompile>
    <ClCompile Include="src\TrianglePolygon.cpp">
      <Filter>Source</Filter>
    </ClCompile>
    <ClCompile Include="src\Square.cpp">
      <Filter>Source</Filter>
    </ClCompile>
    <ClCompile Include="src\GameObject.cpp">
      <Filter>Source</Filter>
    </ClCompile>
    <ClCompile Include="src\BasicTexture.cpp">
      <Filter>Source</Filter>
    </ClCompile>
    <ClCompile Include="src\Scene.cpp">
      <Filter>Source</Filter>
    </ClCompile>
    <ClCompile Include="src\MultiTexture.cpp">
      <Filter>Source</Filter>
    </ClCompile>
    <ClCompile Include="src\Particle.cpp">
      <Filter>Source</Filter>
    </ClCompile>
  </ItemGroup>
  <ItemGroup>
    <ClInclude Include="src\App.h">
      <Filter>Source</Filter>
    </ClInclude>
    <ClInclude Include="src\Camera.h">
      <Filter>Source</Filter>
    </ClInclude>
    <ClInclude Include="src\InputDevice.h">
      <Filter>Source</Filter>
    </ClInclude>
    <ClInclude Include="src\MaterialMesh.h">
      <Filter>Source</Filter>
    </ClInclude>
    <ClInclude Include="src\Sprite.h">
      <Filter>Source</Filter>
    </ClInclude>
    <ClInclude Include="src\stddef.h">
      <Filter>Source</Filter>
    </ClInclude>
    <ClInclude Include="src\TextFont.h">
      <Filter>Source</Filter>
    </ClInclude>
    <ClInclude Include="src\TrianglePolygon.h">
      <Filter>Source</Filter>
    </ClInclude>
    <ClInclude Include="src\Square.h">
      <Filter>Source</Filter>
    </ClInclude>
    <ClInclude Include="src\GameObject.h">
      <Filter>Source</Filter>
    </ClInclude>
    <ClInclude Include="src\BasicTexture.h">
      <Filter>Source</Filter>
    </ClInclude>
    <ClInclude Include="src\Scene.h">
      <Filter>Source</Filter>
    </ClInclude>
    <ClInclude Include="src\MultiTexture.h">
      <Filter>Source</Filter>
    </ClInclude>
  </ItemGroup>
  <ItemGroup>
    <Image Include="resource\BackGround.png">
      <Filter>Resource\Image</Filter>
    </Image>
    <Image Include="resource\sample0003.bmp">
      <Filter>Resource\Image</Filter>
    </Image>
    <Image Include="resource\Image\tex0.bmp">
      <Filter>Resource\Image</Filter>
    </Image>
    <Image Include="resource\Image\tex1.bmp">
      <Filter>Resource\Image</Filter>
    </Image>
  </ItemGroup>
  <ItemGroup>
    <FxCompile Include="resource\Shader\SamplePixelShader.hlsl">
      <Filter>Resource\Shader</Filter>
    </FxCompile>
    <FxCompile Include="resource\Shader\SampleVertexShader.hlsl">
      <Filter>Resource\Shader</Filter>
    </FxCompile>
    <FxCompile Include="resource\Shader\SquarePixelShader.hlsl">
      <Filter>Resource\Shader</Filter>
    </FxCompile>
    <FxCompile Include="resource\Shader\SquareVertexShader.hlsl">
      <Filter>Resource\Shader</Filter>
    </FxCompile>
    <FxCompile Include="resource\Shader\TextureVertexShader.hlsl">
      <Filter>Resource\Shader</Filter>
    </FxCompile>
    <FxCompile Include="resource\Shader\TexturePixelShader.hlsl">
      <Filter>Resource\Shader</Filter>
    </FxCompile>
    <FxCompile Include="resource\Shader\basic.fx">
      <Filter>Resource\Shader</Filter>
    </FxCompile>
    <FxCompile Include="resource\Shader\texture_shader.fx">
      <Filter>Resource\Shader</Filter>
    </FxCompile>
    <FxCompile Include="resource\Shader\multi_texture_shader.fx">
      <Filter>Resource\Shader</Filter>
    </FxCompile>
    <FxCompile Include="resource\Shader\light_diffuse.fx">
      <Filter>Resource\Shader</Filter>
    </FxCompile>
  </ItemGroup>
</Project>